{
  "requires": true,
  "lockfileVersion": 1,
  "dependencies": {
    "uikit": {
      "version": "3.7.3-dev.af32c46e8",
      "resolved": "https://registry.npmjs.org/uikit/-/uikit-3.7.3-dev.af32c46e8.tgz",
      "integrity": "sha512-qmGaXEA0IeFGRR9wWo68T84m71r/fQk+1b1q5OCNdCPT50BV0YhFkpdPOesT3rxUCZ+D0SV+IcrOX9diwAuGvg=="
    }
  }
}
